
Microsoft Visual Studio Solution File, Format Version 12.00
# Visual Studio 2013
VisualStudioVersion = 12.0.40629.0
MinimumVisualStudioVersion = 10.0.40219.1
Project("{FAE04EC0-301F-11D3-BF4B-00C04F79EFBC}") = "MenuPluginDemo", "MenuPluginDemo\MenuPluginDemo.csproj", "{F76385C9-CA99-4B45-AFD8-3ABDA0939A4A}"
EndProject
Global
	GlobalSection(SolutionConfigurationPlatforms) = preSolution
		Debug|Any CPU = Debug|Any CPU
		Release|Any CPU = Release|Any CPU
	EndGlobalSection
	GlobalSection(ProjectConfigurationPlatforms) = postSolution
		{F76385C9-CA99-4B45-AFD8-3ABDA0939A4A}.Debug|Any CPU.ActiveCfg = Release|Any CPU
		{F76385C9-CA99-4B45-AFD8-3ABDA0939A4A}.Debug|Any CPU.Build.0 = Release|Any CPU
		{F76385C9-CA99-4B45-AFD8-3ABDA0939A4A}.Release|Any CPU.ActiveCfg = Release|Any CPU
		{F76385C9-CA99-4B45-AFD8-3ABDA0939A4A}.Release|Any CPU.Build.0 = Release|Any CPU
	EndGlobalSection
	GlobalSection(SolutionProperties) = preSolution
		HideSolutionNode = FALSE
	EndGlobalSection
EndGlobal
